
Microsoft Visual Studio Solution File, Format Version 12.00
# Visual Studio Version 17
VisualStudioVersion = 17.11.35327.3
MinimumVisualStudioVersion = 10.0.40219.1
Project("{9A19103F-16F7-4668-BE54-9A1E7A4F7556}") = "VikingosAPI", "VikingosAPI\VikingosAPI.csproj", "{4FFC7BEA-A3DF-4B07-89E9-D8A7CE9B3897}"
EndProject
Project("{9A19103F-16F7-4668-BE54-9A1E7A4F7556}") = "Vikingos.Shared", "Vikingos.Shared\Vikingos.Shared.csproj", "{8577464C-E577-4582-B8DA-DA0C4EC6FB24}"
EndProject
Project("{9A19103F-16F7-4668-BE54-9A1E7A4F7556}") = "Vikingos.Client", "Vikingos.Client\Vikingos.Client.csproj", "{513FF319-CF62-4AD4-A1C5-A2C2166D20D4}"
EndProject
Global
	GlobalSection(SolutionConfigurationPlatforms) = preSolution
		Debug|Any CPU = Debug|Any CPU
		Release|Any CPU = Release|Any CPU
	EndGlobalSection
	GlobalSection(ProjectConfigurationPlatforms) = postSolution
		{4FFC7BEA-A3DF-4B07-89E9-D8A7CE9B3897}.Debug|Any CPU.ActiveCfg = Debug|Any CPU
		{4FFC7BEA-A3DF-4B07-89E9-D8A7CE9B3897}.Debug|Any CPU.Build.0 = Debug|Any CPU
		{4FFC7BEA-A3DF-4B07-89E9-D8A7CE9B3897}.Release|Any CPU.ActiveCfg = Release|Any CPU
		{4FFC7BEA-A3DF-4B07-89E9-D8A7CE9B3897}.Release|Any CPU.Build.0 = Release|Any CPU
		{8577464C-E577-4582-B8DA-DA0C4EC6FB24}.Debug|Any CPU.ActiveCfg = Debug|Any CPU
		{8577464C-E577-4582-B8DA-DA0C4EC6FB24}.Debug|Any CPU.Build.0 = Debug|Any CPU
		{8577464C-E577-4582-B8DA-DA0C4EC6FB24}.Release|Any CPU.ActiveCfg = Release|Any CPU
		{8577464C-E577-4582-B8DA-DA0C4EC6FB24}.Release|Any CPU.Build.0 = Release|Any CPU
		{513FF319-CF62-4AD4-A1C5-A2C2166D20D4}.Debug|Any CPU.ActiveCfg = Debug|Any CPU
		{513FF319-CF62-4AD4-A1C5-A2C2166D20D4}.Debug|Any CPU.Build.0 = Debug|Any CPU
		{513FF319-CF62-4AD4-A1C5-A2C2166D20D4}.Release|Any CPU.ActiveCfg = Release|Any CPU
		{513FF319-CF62-4AD4-A1C5-A2C2166D20D4}.Release|Any CPU.Build.0 = Release|Any CPU
	EndGlobalSection
	GlobalSection(SolutionProperties) = preSolution
		HideSolutionNode = FALSE
	EndGlobalSection
	GlobalSection(ExtensibilityGlobals) = postSolution
		SolutionGuid = {CDC229F1-8FC8-4992-83F6-18E5DF79AB39}
	EndGlobalSection
EndGlobal
